
Microsoft Visual Studio Solution File, Format Version 12.00
# Visual Studio 2012
Project("{FAE04EC0-301F-11D3-BF4B-00C04F79EFBC}") = "MiniPL.Interpreter", "MiniPL.Interpreter\MiniPL.Interpreter.csproj", "{4A1A494D-C8FC-4E97-8FFA-1FE1BCB85E43}"
EndProject
Project("{FAE04EC0-301F-11D3-BF4B-00C04F79EFBC}") = "MiniPL.FrontEnd", "MiniPL.FrontEnd\MiniPL.FrontEnd.csproj", "{678DB092-2BCE-49EA-9925-6F96FBFAA736}"
EndProject
Project("{FAE04EC0-301F-11D3-BF4B-00C04F79EFBC}") = "MiniPL.IO", "MiniPL.IO\MiniPL.IO.csproj", "{E2A8789C-9928-4A83-8A78-54D2D6F3D1EB}"
EndProject
Project("{FAE04EC0-301F-11D3-BF4B-00C04F79EFBC}") = "MiniPL.UnitTests", "MiniPL.UnitTests\MiniPL.UnitTests.csproj", "{A76DC606-FEB1-4B8A-8F8D-F724F94C945D}"
EndProject
Global
	GlobalSection(SolutionConfigurationPlatforms) = preSolution
		Debug|Any CPU = Debug|Any CPU
		Release|Any CPU = Release|Any CPU
	EndGlobalSection
	GlobalSection(ProjectConfigurationPlatforms) = postSolution
		{4A1A494D-C8FC-4E97-8FFA-1FE1BCB85E43}.Debug|Any CPU.ActiveCfg = Debug|Any CPU
		{4A1A494D-C8FC-4E97-8FFA-1FE1BCB85E43}.Debug|Any CPU.Build.0 = Debug|Any CPU
		{4A1A494D-C8FC-4E97-8FFA-1FE1BCB85E43}.Release|Any CPU.ActiveCfg = Release|Any CPU
		{4A1A494D-C8FC-4E97-8FFA-1FE1BCB85E43}.Release|Any CPU.Build.0 = Release|Any CPU
		{678DB092-2BCE-49EA-9925-6F96FBFAA736}.Debug|Any CPU.ActiveCfg = Debug|Any CPU
		{678DB092-2BCE-49EA-9925-6F96FBFAA736}.Debug|Any CPU.Build.0 = Debug|Any CPU
		{678DB092-2BCE-49EA-9925-6F96FBFAA736}.Release|Any CPU.ActiveCfg = Release|Any CPU
		{678DB092-2BCE-49EA-9925-6F96FBFAA736}.Release|Any CPU.Build.0 = Release|Any CPU
		{E2A8789C-9928-4A83-8A78-54D2D6F3D1EB}.Debug|Any CPU.ActiveCfg = Debug|Any CPU
		{E2A8789C-9928-4A83-8A78-54D2D6F3D1EB}.Debug|Any CPU.Build.0 = Debug|Any CPU
		{E2A8789C-9928-4A83-8A78-54D2D6F3D1EB}.Release|Any CPU.ActiveCfg = Release|Any CPU
		{E2A8789C-9928-4A83-8A78-54D2D6F3D1EB}.Release|Any CPU.Build.0 = Release|Any CPU
		{A76DC606-FEB1-4B8A-8F8D-F724F94C945D}.Debug|Any CPU.ActiveCfg = Debug|Any CPU
		{A76DC606-FEB1-4B8A-8F8D-F724F94C945D}.Debug|Any CPU.Build.0 = Debug|Any CPU
		{A76DC606-FEB1-4B8A-8F8D-F724F94C945D}.Release|Any CPU.ActiveCfg = Release|Any CPU
		{A76DC606-FEB1-4B8A-8F8D-F724F94C945D}.Release|Any CPU.Build.0 = Release|Any CPU
	EndGlobalSection
	GlobalSection(SolutionProperties) = preSolution
		HideSolutionNode = FALSE
	EndGlobalSection
EndGlobal
